
Microsoft Visual Studio Solution File, Format Version 12.00
# Visual Studio 15
VisualStudioVersion = 15.0.27703.2042
MinimumVisualStudioVersion = 10.0.40219.1
Project("{FAE04EC0-301F-11D3-BF4B-00C04F79EFBC}") = "WpfTest", "WpfTest\WpfTest.csproj", "{8948D2D9-FF12-416B-A231-57CD9777023E}"
EndProject
Global
	GlobalSection(SolutionConfigurationPlatforms) = preSolution
		Debug|Any CPU = Debug|Any CPU
		Release|Any CPU = Release|Any CPU
	EndGlobalSection
	GlobalSection(ProjectConfigurationPlatforms) = postSolution
		{8948D2D9-FF12-416B-A231-57CD9777023E}.Debug|Any CPU.ActiveCfg = Debug|Any CPU
		{8948D2D9-FF12-416B-A231-57CD9777023E}.Debug|Any CPU.Build.0 = Debug|Any CPU
		{8948D2D9-FF12-416B-A231-57CD9777023E}.Release|Any CPU.ActiveCfg = Release|Any CPU
		{8948D2D9-FF12-416B-A231-57CD9777023E}.Release|Any CPU.Build.0 = Release|Any CPU
	EndGlobalSection
	GlobalSection(SolutionProperties) = preSolution
		HideSolutionNode = FALSE
	EndGlobalSection
	GlobalSection(ExtensibilityGlobals) = postSolution
		SolutionGuid = {B1947BF5-67C2-4E52-BDC8-76864164BAA9}
	EndGlobalSection
EndGlobal
